
Microsoft Visual Studio Solution File, Format Version 12.00
# Visual Studio Version 17
VisualStudioVersion = 17.2.32630.192
MinimumVisualStudioVersion = 10.0.40219.1
Project("{8BC9CEB8-8B4A-11D0-8D11-00A0C91BC942}") = "ADS_2022_ICA2_OW_ET", "ADS_2022_ICA2_OW_ET\ADS_2022_ICA2_OW_ET.vcxproj", "{276B64BA-4499-4F03-ADEC-826519603228}"
EndProject
Global
	GlobalSection(SolutionConfigurationPlatforms) = preSolution
		Debug|x64 = Debug|x64
		Debug|x86 = Debug|x86
		Release|x64 = Release|x64
		Release|x86 = Release|x86
	EndGlobalSection
	GlobalSection(ProjectConfigurationPlatforms) = postSolution
		{276B64BA-4499-4F03-ADEC-826519603228}.Debug|x64.ActiveCfg = Debug|x64
		{276B64BA-4499-4F03-ADEC-826519603228}.Debug|x64.Build.0 = Debug|x64
		{276B64BA-4499-4F03-ADEC-826519603228}.Debug|x86.ActiveCfg = Debug|Win32
		{276B64BA-4499-4F03-ADEC-826519603228}.Debug|x86.Build.0 = Debug|Win32
		{276B64BA-4499-4F03-ADEC-826519603228}.Release|x64.ActiveCfg = Release|x64
		{276B64BA-4499-4F03-ADEC-826519603228}.Release|x64.Build.0 = Release|x64
		{276B64BA-4499-4F03-ADEC-826519603228}.Release|x86.ActiveCfg = Release|Win32
		{276B64BA-4499-4F03-ADEC-826519603228}.Release|x86.Build.0 = Release|Win32
	EndGlobalSection
	GlobalSection(SolutionProperties) = preSolution
		HideSolutionNode = FALSE
	EndGlobalSection
	GlobalSection(ExtensibilityGlobals) = postSolution
		SolutionGuid = {72088404-D9D4-402A-8C8A-613BDCF1AC3A}
	EndGlobalSection
EndGlobal
